{
  "lockfileVersion": 1,
  "configVersion": 1,
  "workspaces": {
    "": {
      "name": "tumbler-js",
      "devDependencies": {
        "@types/bun": "^1.3.14",
        "fast-check": "^4.9.0",
        "typescript": "^5.9.2",
      },
    },
    "packages/core": {
      "name": "@tumbler/core",
      "version": "0.0.0",
      "dependencies": {
        "@tumbler/ooxml": "workspace:*",
      },
    },
    "packages/ooxml": {
      "name": "@tumbler/ooxml",
      "version": "0.0.0",
      "dependencies": {
        "@tumbler/opc": "workspace:*",
      },
    },
    "packages/opc": {
      "name": "@tumbler/opc",
      "version": "0.0.0",
      "dependencies": {
        "fflate": "^0.8.3",
      },
    },
    "packages/sheets": {
      "name": "@tumbler/sheets",
      "version": "0.0.0",
      "dependencies": {
        "@tumbler/core": "workspace:*",
        "@tumbler/ooxml": "workspace:*",
      },
    },
    "packages/slides": {
      "name": "@tumbler/slides",
      "version": "0.0.0",
      "dependencies": {
        "@tumbler/core": "workspace:*",
        "@tumbler/ooxml": "workspace:*",
      },
    },
    "packages/svelte": {
      "name": "@tumbler/svelte",
      "version": "0.0.0",
      "dependencies": {
        "@tumbler/core": "workspace:*",
        "@tumbler/sheets": "workspace:*",
        "@tumbler/slides": "workspace:*",
        "@tumbler/word": "workspace:*",
      },
    },
    "packages/testkit": {
      "name": "@tumbler/testkit",
      "version": "0.0.0",
      "dependencies": {
        "@tumbler/core": "workspace:*",
        "@tumbler/ooxml": "workspace:*",
        "@tumbler/opc": "workspace:*",
        "@tumbler/sheets": "workspace:*",
        "@tumbler/slides": "workspace:*",
        "@tumbler/word": "workspace:*",
      },
    },
    "packages/word": {
      "name": "@tumbler/word",
      "version": "0.0.0",
      "dependencies": {
        "@tumbler/core": "workspace:*",
        "@tumbler/ooxml": "workspace:*",
      },
    },
  },
  "packages": {
    "@tumbler/core": ["@tumbler/core@workspace:packages/core"],

    "@tumbler/ooxml": ["@tumbler/ooxml@workspace:packages/ooxml"],

    "@tumbler/opc": ["@tumbler/opc@workspace:packages/opc"],

    "@tumbler/sheets": ["@tumbler/sheets@workspace:packages/sheets"],

    "@tumbler/slides": ["@tumbler/slides@workspace:packages/slides"],

    "@tumbler/svelte": ["@tumbler/svelte@workspace:packages/svelte"],

    "@tumbler/testkit": ["@tumbler/testkit@workspace:packages/testkit"],

    "@tumbler/word": ["@tumbler/word@workspace:packages/word"],

    "@types/bun": ["@types/bun@1.3.14", "", { "dependencies": { "bun-types": "1.3.14" } }, "sha512-h1hFqFVcvAvD9j9K7ZW7vd82aSA+rTdznZa+5bwvCwqSB1jmmfLcbIWhOLx1/+boy/xmjgCs/OMUL8hRJSmnPw=="],

    "@types/node": ["@types/node@26.1.2", "", { "dependencies": { "undici-types": "~8.3.0" } }, "sha512-Vu4a5UFA9rIIFJ7rB/Vaafh9lrCQszopTCx6KjFboXTGQbPNasehVR5TEiithSDGyd1DEiUByggTZsg8jukeIg=="],

    "bun-types": ["bun-types@1.3.14", "", { "dependencies": { "@types/node": "*" } }, "sha512-4N0ig0fEomHt5R0KCFWjovxow98rIoRwKolrYdCcknNwMekCXRnWEUvgu5soYV8QXtVsrUD8B95MBOZGPvr6KQ=="],

    "fast-check": ["fast-check@4.9.0", "", { "dependencies": { "pure-rand": "^8.0.0" } }, "sha512-7ms6T7SybUev/PQITciI0yLM2pOSFy5zpG8Ty7tQofcVaQUvrMXp6CBwqF6fThLCLOrfBtuHAtwq6Yu4XPCllg=="],

    "fflate": ["fflate@0.8.3", "", {}, "sha512-tbZNuJrLwGUp3zshBtdy4W+ORxZuIh8a5ilyIEQDC5rY1f3U20JMry0Ll3WBzU58EZKsEuJFXhb5gwv8CsPvgA=="],

    "pure-rand": ["pure-rand@8.4.2", "", {}, "sha512-vvuOGgcuPJAirlHvuQw1TrOiw7ptaIXXmIbNuiNOY6lNGJJH49PQ1Kj4nd783nPdQhQdicgOjVI2yI/9BD6/Ng=="],

    "typescript": ["typescript@5.9.3", "", { "bin": { "tsc": "bin/tsc", "tsserver": "bin/tsserver" } }, "sha512-jl1vZzPDinLr9eUt3J/t7V6FgNEw9QjvBPdysz9KfQDD41fQrC2Y4vKQdiaUpFT4bXlb1RHhLpp8wtm6M5TgSw=="],

    "undici-types": ["undici-types@8.3.0", "", {}, "sha512-j375ScV60dom+YkPFIfTLcOiPxkN/buHz5GobjLhixFuANaNs3C9l4GmrWqejgXWJ7BbJcFYpTEUkS1Ge8bpZQ=="],
  }
}
